{
  "name": "api-anulacion-de-factura",
  "lockfileVersion": 2,
  "requires": true,
  "packages": {
    "": {
      "name": "api-anulacion-de-factura",
      "version": "1.0.0",
      "dependencies": {
        "body-parser": "^2.2.0",
        "express": "^5.1.0",
        "chrome-aws-lambda": "^10.1.0",
        "puppeteer-core": "^10.1.0"
      }
    },
    "node_modules/body-parser": {
      "version": "2.2.0",
      "resolved": "https://registry.npmjs.org/body-parser/-/body-parser-2.2.0.tgz",
      "integrity": "sha512-8Hc9G5+gX+zV0mTkoKhPPmICeRxuU6l+rm/LITRE06KXrS8a8ybm1vK08rRoT3NDE1I68QsyWq6QsmJjDA8/Rg=="
    },
    "node_modules/express": {
      "version": "5.1.0",
      "resolved": "https://registry.npmjs.org/express/-/express-5.1.0.tgz",
      "integrity": "sha512-foOmi5KKJlwLJo+5DmfqGmUXiNqV7NZxv9OYoHT6tjxyKRQZs0OliXXCzpVArR3KFMtA5YzOkF7ttslC8mEeRQ=="
    },
    "node_modules/chrome-aws-lambda": {
      "version": "10.1.0",
      "resolved": "https://registry.npmjs.org/chrome-aws-lambda/-/chrome-aws-lambda-10.1.0.tgz",
      "integrity": "sha512-L2vzh3Jjy2PqHsA6kwIQ57R6kRA5fFOtAIDmfPV4TRtiHNMTGqJ0bXcxQqEGIHp1NcmzxmwRu6MQIXUxu+KJ9A==",
      "dependencies": {
        "puppeteer-core": "^10.1.0"
      }
    },
    "node_modules/puppeteer-core": {
      "version": "10.1.0",
      "resolved": "https://registry.npmjs.org/puppeteer-core/-/puppeteer-core-10.1.0.tgz",
      "integrity": "sha512-3x8/Q4K6S1ZnFFntTchx1gQ0Ux0DhGKy2j58f80sN1v6d5HCip7qlQh1uGmq0VPoJ3a6w79LcaPUFcIc1mEmzQ=="
    }
  }
}
